
Microsoft Visual Studio Solution File, Format Version 12.00
# Visual Studio Version 17
VisualStudioVersion = 17.6.33723.286
MinimumVisualStudioVersion = 10.0.40219.1
Project("{FAE04EC0-301F-11D3-BF4B-00C04F79EFBC}") = "Ecommerce_Project", "Ecommerce_Project\Ecommerce_Project.csproj", "{59186C28-2392-4DD9-A23C-FF4C9A6FF889}"
EndProject
Global
	GlobalSection(SolutionConfigurationPlatforms) = preSolution
		Debug|Any CPU = Debug|Any CPU
		Release|Any CPU = Release|Any CPU
	EndGlobalSection
	GlobalSection(ProjectConfigurationPlatforms) = postSolution
		{59186C28-2392-4DD9-A23C-FF4C9A6FF889}.Debug|Any CPU.ActiveCfg = Debug|Any CPU
		{59186C28-2392-4DD9-A23C-FF4C9A6FF889}.Debug|Any CPU.Build.0 = Debug|Any CPU
		{59186C28-2392-4DD9-A23C-FF4C9A6FF889}.Release|Any CPU.ActiveCfg = Release|Any CPU
		{59186C28-2392-4DD9-A23C-FF4C9A6FF889}.Release|Any CPU.Build.0 = Release|Any CPU
	EndGlobalSection
	GlobalSection(SolutionProperties) = preSolution
		HideSolutionNode = FALSE
	EndGlobalSection
	GlobalSection(ExtensibilityGlobals) = postSolution
		SolutionGuid = {F8D8177A-4EDB-4826-8194-1E3A3C8F038B}
	EndGlobalSection
EndGlobal
